
Microsoft Visual Studio Solution File, Format Version 12.00
# Visual Studio 2013
VisualStudioVersion = 12.0.31101.0
MinimumVisualStudioVersion = 10.0.40219.1
Project("{FAE04EC0-301F-11D3-BF4B-00C04F79EFBC}") = "FactoryGirlCore", "FactoryGirlCore\FactoryGirlCore.csproj", "{99FC6DD7-96AB-4C8D-A9E2-E35FCEEDF6CE}"
EndProject
Project("{FAE04EC0-301F-11D3-BF4B-00C04F79EFBC}") = "FactoryGirlTests", "FactoryGirlTests\FactoryGirlTests.csproj", "{F8D69AAC-2DDC-45EE-AE5E-693D8D9403A0}"
EndProject
Global
	GlobalSection(SolutionConfigurationPlatforms) = preSolution
		Debug|Any CPU = Debug|Any CPU
		Release|Any CPU = Release|Any CPU
	EndGlobalSection
	GlobalSection(ProjectConfigurationPlatforms) = postSolution
		{99FC6DD7-96AB-4C8D-A9E2-E35FCEEDF6CE}.Debug|Any CPU.ActiveCfg = Debug|Any CPU
		{99FC6DD7-96AB-4C8D-A9E2-E35FCEEDF6CE}.Debug|Any CPU.Build.0 = Debug|Any CPU
		{99FC6DD7-96AB-4C8D-A9E2-E35FCEEDF6CE}.Release|Any CPU.ActiveCfg = Release|Any CPU
		{99FC6DD7-96AB-4C8D-A9E2-E35FCEEDF6CE}.Release|Any CPU.Build.0 = Release|Any CPU
		{F8D69AAC-2DDC-45EE-AE5E-693D8D9403A0}.Debug|Any CPU.ActiveCfg = Debug|Any CPU
		{F8D69AAC-2DDC-45EE-AE5E-693D8D9403A0}.Debug|Any CPU.Build.0 = Debug|Any CPU
		{F8D69AAC-2DDC-45EE-AE5E-693D8D9403A0}.Release|Any CPU.ActiveCfg = Release|Any CPU
		{F8D69AAC-2DDC-45EE-AE5E-693D8D9403A0}.Release|Any CPU.Build.0 = Release|Any CPU
	EndGlobalSection
	GlobalSection(SolutionProperties) = preSolution
		HideSolutionNode = FALSE
	EndGlobalSection
EndGlobal
